
Microsoft Visual Studio Solution File, Format Version 12.00
# Visual Studio Version 17
VisualStudioVersion = 17.14.36511.14 d17.14
MinimumVisualStudioVersion = 10.0.40219.1
Project("{FAE04EC0-301F-11D3-BF4B-00C04F79EFBC}") = "ResumeAnalyzerApp", "ResumeAnalyzerApp\ResumeAnalyzerApp.csproj", "{CDD6BA05-40F6-4C10-A7BA-EF82AA9F569E}"
EndProject
Global
	GlobalSection(SolutionConfigurationPlatforms) = preSolution
		Debug|Any CPU = Debug|Any CPU
		Release|Any CPU = Release|Any CPU
	EndGlobalSection
	GlobalSection(ProjectConfigurationPlatforms) = postSolution
		{CDD6BA05-40F6-4C10-A7BA-EF82AA9F569E}.Debug|Any CPU.ActiveCfg = Debug|Any CPU
		{CDD6BA05-40F6-4C10-A7BA-EF82AA9F569E}.Debug|Any CPU.Build.0 = Debug|Any CPU
		{CDD6BA05-40F6-4C10-A7BA-EF82AA9F569E}.Release|Any CPU.ActiveCfg = Release|Any CPU
		{CDD6BA05-40F6-4C10-A7BA-EF82AA9F569E}.Release|Any CPU.Build.0 = Release|Any CPU
	EndGlobalSection
	GlobalSection(SolutionProperties) = preSolution
		HideSolutionNode = FALSE
	EndGlobalSection
	GlobalSection(ExtensibilityGlobals) = postSolution
		SolutionGuid = {E80DBFC9-A0C7-4EB2-A272-2A7269461588}
	EndGlobalSection
EndGlobal
