
Microsoft Visual Studio Solution File, Format Version 12.00
# Visual Studio Version 17
VisualStudioVersion = 17.14.36511.14 d17.14
MinimumVisualStudioVersion = 10.0.40219.1
Project("{FAE04EC0-301F-11D3-BF4B-00C04F79EFBC}") = "AsyncFactorialApp", "AsyncFactorialApp\AsyncFactorialApp.csproj", "{F8628453-A930-4D3E-A647-431F51F09557}"
EndProject
Global
	GlobalSection(SolutionConfigurationPlatforms) = preSolution
		Debug|Any CPU = Debug|Any CPU
		Release|Any CPU = Release|Any CPU
	EndGlobalSection
	GlobalSection(ProjectConfigurationPlatforms) = postSolution
		{F8628453-A930-4D3E-A647-431F51F09557}.Debug|Any CPU.ActiveCfg = Debug|Any CPU
		{F8628453-A930-4D3E-A647-431F51F09557}.Debug|Any CPU.Build.0 = Debug|Any CPU
		{F8628453-A930-4D3E-A647-431F51F09557}.Release|Any CPU.ActiveCfg = Release|Any CPU
		{F8628453-A930-4D3E-A647-431F51F09557}.Release|Any CPU.Build.0 = Release|Any CPU
	EndGlobalSection
	GlobalSection(SolutionProperties) = preSolution
		HideSolutionNode = FALSE
	EndGlobalSection
	GlobalSection(ExtensibilityGlobals) = postSolution
		SolutionGuid = {713BAE07-CAF3-4621-AD6A-F23BBF1C7468}
	EndGlobalSection
EndGlobal
